{
    "version": 3,
    "terraform_version": "0.8.7",
    "serial": 12,
    "lineage": "75f48820-7974-4279-8c6d-91b1cb874651",
    "modules": [
        {
            "path": [
                "root"
            ],
            "outputs": {},
            "resources": {
                "aws_eip.eip": {
                    "type": "aws_eip",
                    "depends_on": [
                        "aws_instance.strongswan"
                    ],
                    "primary": {
                        "id": "eipalloc-e9e47dd3",
                        "attributes": {
                            "association_id": "eipassoc-7411624e",
                            "domain": "vpc",
                            "id": "eipalloc-e9e47dd3",
                            "instance": "i-0e6cccdbbb48f881d",
                            "network_interface": "eni-b8a3ab90",
                            "private_ip": "10.0.0.101",
                            "public_ip": "35.167.122.17",
                            "vpc": "true"
                        },
                        "meta": {},
                        "tainted": false
                    },
                    "deposed": [],
                    "provider": ""
                },
                "aws_instance.strongswan": {
                    "type": "aws_instance",
                    "depends_on": [
                        "aws_security_group.peering",
                        "aws_subnet.public_subnet_vpc1",
                        "data.template_file.strongswan_user_data"
                    ],
                    "primary": {
                        "id": "i-0e6cccdbbb48f881d",
                        "attributes": {
                            "ami": "ami-efd0428f",
                            "associate_public_ip_address": "true",
                            "availability_zone": "us-west-2a",
                            "disable_api_termination": "false",
                            "ebs_block_device.#": "0",
                            "ebs_optimized": "false",
                            "ephemeral_block_device.#": "0",
                            "iam_instance_profile": "",
                            "id": "i-0e6cccdbbb48f881d",
                            "instance_state": "running",
                            "instance_type": "m3.medium",
                            "key_name": "pcf-sding",
                            "monitoring": "false",
                            "network_interface_id": "eni-b8a3ab90",
                            "private_dns": "ip-10-0-0-101.us-west-2.compute.internal",
                            "private_ip": "10.0.0.101",
                            "public_dns": "ec2-35-166-66-165.us-west-2.compute.amazonaws.com",
                            "public_ip": "35.166.66.165",
                            "root_block_device.#": "1",
                            "root_block_device.0.delete_on_termination": "true",
                            "root_block_device.0.iops": "0",
                            "root_block_device.0.volume_size": "20",
                            "root_block_device.0.volume_type": "standard",
                            "security_groups.#": "0",
                            "source_dest_check": "true",
                            "subnet_id": "subnet-44225823",
                            "tags.%": "1",
                            "tags.Name": "peering instance",
                            "tenancy": "default",
                            "user_data": "532b4f968dcb6cdb10bc5c2fd3978f6b728d18a4",
                            "vpc_security_group_ids.#": "1",
                            "vpc_security_group_ids.1897885006": "sg-6968c212"
                        },
                        "meta": {
                            "schema_version": "1"
                        },
                        "tainted": false
                    },
                    "deposed": [],
                    "provider": ""
                },
                "aws_internet_gateway.internetGw1": {
                    "type": "aws_internet_gateway",
                    "depends_on": [
                        "aws_vpc.vpc1"
                    ],
                    "primary": {
                        "id": "igw-1d7b967a",
                        "attributes": {
                            "id": "igw-1d7b967a",
                            "tags.%": "1",
                            "tags.Name": "vpc1-internet-gateway",
                            "vpc_id": "vpc-38ffd05f"
                        },
                        "meta": {},
                        "tainted": false
                    },
                    "deposed": [],
                    "provider": ""
                },
                "aws_internet_gateway.internetGw2": {
                    "type": "aws_internet_gateway",
                    "depends_on": [
                        "aws_vpc.vpc2"
                    ],
                    "primary": {
                        "id": "igw-e5749982",
                        "attributes": {
                            "id": "igw-e5749982",
                            "tags.%": "1",
                            "tags.Name": "vpc2-internet-gateway",
                            "vpc_id": "vpc-a5fcd3c2"
                        },
                        "meta": {},
                        "tainted": false
                    },
                    "deposed": [],
                    "provider": ""
                },
                "aws_route_table.PublicSubnetTB1": {
                    "type": "aws_route_table",
                    "depends_on": [
                        "aws_internet_gateway.internetGw1",
                        "aws_vpc.vpc1"
                    ],
                    "primary": {
                        "id": "rtb-76974b10",
                        "attributes": {
                            "id": "rtb-76974b10",
                            "propagating_vgws.#": "0",
                            "route.#": "1",
                            "route.1294068142.cidr_block": "0.0.0.0/0",
                            "route.1294068142.gateway_id": "igw-1d7b967a",
                            "route.1294068142.instance_id": "",
                            "route.1294068142.nat_gateway_id": "",
                            "route.1294068142.network_interface_id": "",
                            "route.1294068142.vpc_peering_connection_id": "",
                            "tags.%": "1",
                            "tags.Name": "public subnet route table1",
                            "vpc_id": "vpc-38ffd05f"
                        },
                        "meta": {},
                        "tainted": false
                    },
                    "deposed": [],
                    "provider": ""
                },
                "aws_route_table.PublicSubnetTB2": {
                    "type": "aws_route_table",
                    "depends_on": [
                        "aws_internet_gateway.internetGw2",
                        "aws_vpc.vpc2"
                    ],
                    "primary": {
                        "id": "rtb-48904c2e",
                        "attributes": {
                            "id": "rtb-48904c2e",
                            "propagating_vgws.#": "0",
                            "route.#": "1",
                            "route.850676793.cidr_block": "0.0.0.0/0",
                            "route.850676793.gateway_id": "igw-e5749982",
                            "route.850676793.instance_id": "",
                            "route.850676793.nat_gateway_id": "",
                            "route.850676793.network_interface_id": "",
                            "route.850676793.vpc_peering_connection_id": "",
                            "tags.%": "1",
                            "tags.Name": "public subnet route table2",
                            "vpc_id": "vpc-a5fcd3c2"
                        },
                        "meta": {},
                        "tainted": false
                    },
                    "deposed": [],
                    "provider": ""
                },
                "aws_route_table_association.public_subnet_1": {
                    "type": "aws_route_table_association",
                    "depends_on": [
                        "aws_route_table.PublicSubnetTB1",
                        "aws_subnet.public_subnet_vpc1"
                    ],
                    "primary": {
                        "id": "rtbassoc-5e3ff627",
                        "attributes": {
                            "id": "rtbassoc-5e3ff627",
                            "route_table_id": "rtb-76974b10",
                            "subnet_id": "subnet-44225823"
                        },
                        "meta": {},
                        "tainted": false
                    },
                    "deposed": [],
                    "provider": ""
                },
                "aws_route_table_association.public_subnet_2": {
                    "type": "aws_route_table_association",
                    "depends_on": [
                        "aws_route_table.PublicSubnetTB2",
                        "aws_subnet.public_subnet_vpc2"
                    ],
                    "primary": {
                        "id": "rtbassoc-353ef74c",
                        "attributes": {
                            "id": "rtbassoc-353ef74c",
                            "route_table_id": "rtb-48904c2e",
                            "subnet_id": "subnet-9b2c56fc"
                        },
                        "meta": {},
                        "tainted": false
                    },
                    "deposed": [],
                    "provider": ""
                },
                "aws_security_group.peering": {
                    "type": "aws_security_group",
                    "depends_on": [
                        "aws_vpc.vpc1"
                    ],
                    "primary": {
                        "id": "sg-6968c212",
                        "attributes": {
                            "description": "Allow incoming connections for VPN peering.",
                            "egress.#": "1",
                            "egress.482069346.cidr_blocks.#": "1",
                            "egress.482069346.cidr_blocks.0": "0.0.0.0/0",
                            "egress.482069346.from_port": "0",
                            "egress.482069346.prefix_list_ids.#": "0",
                            "egress.482069346.protocol": "-1",
                            "egress.482069346.security_groups.#": "0",
                            "egress.482069346.self": "false",
                            "egress.482069346.to_port": "0",
                            "id": "sg-6968c212",
                            "ingress.#": "4",
                            "ingress.2541437006.cidr_blocks.#": "1",
                            "ingress.2541437006.cidr_blocks.0": "0.0.0.0/0",
                            "ingress.2541437006.from_port": "22",
                            "ingress.2541437006.protocol": "tcp",
                            "ingress.2541437006.security_groups.#": "0",
                            "ingress.2541437006.self": "false",
                            "ingress.2541437006.to_port": "22",
                            "ingress.2617001939.cidr_blocks.#": "1",
                            "ingress.2617001939.cidr_blocks.0": "0.0.0.0/0",
                            "ingress.2617001939.from_port": "443",
                            "ingress.2617001939.protocol": "tcp",
                            "ingress.2617001939.security_groups.#": "0",
                            "ingress.2617001939.self": "false",
                            "ingress.2617001939.to_port": "443",
                            "ingress.2870960532.cidr_blocks.#": "1",
                            "ingress.2870960532.cidr_blocks.0": "0.0.0.0/0",
                            "ingress.2870960532.from_port": "943",
                            "ingress.2870960532.protocol": "tcp",
                            "ingress.2870960532.security_groups.#": "0",
                            "ingress.2870960532.self": "false",
                            "ingress.2870960532.to_port": "943",
                            "ingress.4178520169.cidr_blocks.#": "1",
                            "ingress.4178520169.cidr_blocks.0": "0.0.0.0/0",
                            "ingress.4178520169.from_port": "1194",
                            "ingress.4178520169.protocol": "udp",
                            "ingress.4178520169.security_groups.#": "0",
                            "ingress.4178520169.self": "false",
                            "ingress.4178520169.to_port": "1194",
                            "name": "For VPN peering",
                            "owner_id": "375783000519",
                            "tags.%": "1",
                            "tags.Name": "vpn peering",
                            "vpc_id": "vpc-38ffd05f"
                        },
                        "meta": {},
                        "tainted": false
                    },
                    "deposed": [],
                    "provider": ""
                },
                "aws_security_group.regular_ssh": {
                    "type": "aws_security_group",
                    "depends_on": [
                        "aws_vpc.vpc2"
                    ],
                    "primary": {
                        "id": "sg-536ac028",
                        "attributes": {
                            "description": "Test VMs",
                            "egress.#": "0",
                            "id": "sg-536ac028",
                            "ingress.#": "1",
                            "ingress.2541437006.cidr_blocks.#": "1",
                            "ingress.2541437006.cidr_blocks.0": "0.0.0.0/0",
                            "ingress.2541437006.from_port": "22",
                            "ingress.2541437006.protocol": "tcp",
                            "ingress.2541437006.security_groups.#": "0",
                            "ingress.2541437006.self": "false",
                            "ingress.2541437006.to_port": "22",
                            "name": "For Testing",
                            "owner_id": "375783000519",
                            "tags.%": "1",
                            "tags.Name": "regular ssh",
                            "vpc_id": "vpc-a5fcd3c2"
                        },
                        "meta": {},
                        "tainted": false
                    },
                    "deposed": [],
                    "provider": ""
                },
                "aws_subnet.public_subnet_vpc1": {
                    "type": "aws_subnet",
                    "depends_on": [
                        "aws_vpc.vpc1"
                    ],
                    "primary": {
                        "id": "subnet-44225823",
                        "attributes": {
                            "availability_zone": "us-west-2a",
                            "cidr_block": "10.0.0.0/25",
                            "id": "subnet-44225823",
                            "map_public_ip_on_launch": "false",
                            "tags.%": "1",
                            "tags.Name": "vpc1 subnet",
                            "vpc_id": "vpc-38ffd05f"
                        },
                        "meta": {},
                        "tainted": false
                    },
                    "deposed": [],
                    "provider": ""
                },
                "aws_subnet.public_subnet_vpc2": {
                    "type": "aws_subnet",
                    "depends_on": [
                        "aws_vpc.vpc2"
                    ],
                    "primary": {
                        "id": "subnet-9b2c56fc",
                        "attributes": {
                            "availability_zone": "us-west-2a",
                            "cidr_block": "10.0.1.0/25",
                            "id": "subnet-9b2c56fc",
                            "map_public_ip_on_launch": "false",
                            "tags.%": "1",
                            "tags.Name": "vpc2 subnet",
                            "vpc_id": "vpc-a5fcd3c2"
                        },
                        "meta": {},
                        "tainted": false
                    },
                    "deposed": [],
                    "provider": ""
                },
                "aws_vpc.vpc1": {
                    "type": "aws_vpc",
                    "depends_on": [],
                    "primary": {
                        "id": "vpc-38ffd05f",
                        "attributes": {
                            "cidr_block": "10.0.0.0/24",
                            "default_network_acl_id": "acl-e32ecf85",
                            "default_route_table_id": "rtb-4d9e422b",
                            "default_security_group_id": "sg-9f9e34e4",
                            "dhcp_options_id": "dopt-babaa0d8",
                            "enable_classiclink": "false",
                            "enable_dns_hostnames": "true",
                            "enable_dns_support": "true",
                            "id": "vpc-38ffd05f",
                            "instance_tenancy": "default",
                            "main_route_table_id": "rtb-4d9e422b",
                            "tags.%": "1",
                            "tags.Name": "vpc1"
                        },
                        "meta": {},
                        "tainted": false
                    },
                    "deposed": [],
                    "provider": ""
                },
                "aws_vpc.vpc2": {
                    "type": "aws_vpc",
                    "depends_on": [],
                    "primary": {
                        "id": "vpc-a5fcd3c2",
                        "attributes": {
                            "cidr_block": "10.0.1.0/24",
                            "default_network_acl_id": "acl-7c2acb1a",
                            "default_route_table_id": "rtb-729d4114",
                            "default_security_group_id": "sg-5092382b",
                            "dhcp_options_id": "dopt-babaa0d8",
                            "enable_classiclink": "false",
                            "enable_dns_hostnames": "true",
                            "enable_dns_support": "true",
                            "id": "vpc-a5fcd3c2",
                            "instance_tenancy": "default",
                            "main_route_table_id": "rtb-729d4114",
                            "tags.%": "1",
                            "tags.Name": "vpc2"
                        },
                        "meta": {},
                        "tainted": false
                    },
                    "deposed": [],
                    "provider": ""
                },
                "aws_vpn_gateway.vpn_gw": {
                    "type": "aws_vpn_gateway",
                    "depends_on": [
                        "aws_vpc.vpc2"
                    ],
                    "primary": {
                        "id": "vgw-9fb46f81",
                        "attributes": {
                            "id": "vgw-9fb46f81",
                            "tags.%": "1",
                            "tags.Name": "vpn_gateway_vpc2",
                            "vpc_id": "vpc-a5fcd3c2"
                        },
                        "meta": {},
                        "tainted": false
                    },
                    "deposed": [],
                    "provider": ""
                },
                "data.template_file.strongswan_user_data": {
                    "type": "template_file",
                    "depends_on": [],
                    "primary": {
                        "id": "bc8fea729724c4d59779d6bbe1e920844c76ae651f369d81be0fcde76bb1712b",
                        "attributes": {
                            "id": "bc8fea729724c4d59779d6bbe1e920844c76ae651f369d81be0fcde76bb1712b",
                            "rendered": "#!/bin/bash\n\napt-get update\napt-get install strongswan\nwget -O /sbin/ipsec.sh https://docs.openvpn.net/wp-content/uploads/ipsec.sh\nwget -O /etc/ipsec.conf https://docs.openvpn.net/wp-content/uploads/ipsec.conf\nwget -O /etc/ipsec.secrets https://docs.openvpn.net/wp-content/uploads/ipsec.secrets\n",
                            "template": "#!/bin/bash\n\napt-get update\napt-get install strongswan\nwget -O /sbin/ipsec.sh https://docs.openvpn.net/wp-content/uploads/ipsec.sh\nwget -O /etc/ipsec.conf https://docs.openvpn.net/wp-content/uploads/ipsec.conf\nwget -O /etc/ipsec.secrets https://docs.openvpn.net/wp-content/uploads/ipsec.secrets\n"
                        },
                        "meta": {},
                        "tainted": false
                    },
                    "deposed": [],
                    "provider": ""
                }
            },
            "depends_on": []
        }
    ]
}
